// !$*UTF8*$!
{
	archiveVersion = 1;
	classes = {
	};
	objectVersion = 46;
	objects = {

/* Begin PBXBuildFile section */
		6718D4931E3FC15C00E37C0A /* main.m in Sources */ = {isa = PBXBuildFile; fileRef = 6718D4921E3FC15C00E37C0A /* main.m */; };
		6718D4961E3FC15C00E37C0A /* AppDelegate.m in Sources */ = {isa = PBXBuildFile; fileRef = 6718D4951E3FC15C00E37C0A /* AppDelegate.m */; };
		6718D4991E3FC15C00E37C0A /* ViewController.m in Sources */ = {isa = PBXBuildFile; fileRef = 6718D4981E3FC15C00E37C0A /* ViewController.m */; };
		6718D49C1E3FC15C00E37C0A /* Main.storyboard in Resources */ = {isa = PBXBuildFile; fileRef = 6718D49A1E3FC15C00E37C0A /* Main.storyboard */; };
		6718D49E1E3FC15C00E37C0A /* Assets.xcassets in Resources */ = {isa = PBXBuildFile; fileRef = 6718D49D1E3FC15C00E37C0A /* Assets.xcassets */; };
		6718D4A11E3FC15C00E37C0A /* LaunchScreen.storyboard in Resources */ = {isa = PBXBuildFile; fileRef = 6718D49F1E3FC15C00E37C0A /* LaunchScreen.storyboard */; };
/* End PBXBuildFile section */

/* Begin PBXFileReference section */
		6718D48E1E3FC15C00E37C0A /* GithubRepos.app */ = {isa = PBXFileReference; explicitFileType = wrapper.application; includeInIndex = 0; path = GithubRepos.app; sourceTree = BUILT_PRODUCTS_DIR; };
		6718D4921E3FC15C00E37C0A /* main.m */ = {isa = PBXFileReference; lastKnownFileType = sourcecode.c.objc; path = main.m; sourceTree = "<group>"; };
		6718D4941E3FC15C00E37C0A /* AppDelegate.h */ = {isa = PBXFileReference; lastKnownFileType = sourcecode.c.h; path = AppDelegate.h; sourceTree = "<group>"; };
		6718D4951E3FC15C00E37C0A /* AppDelegate.m */ = {isa = PBXFileReference; lastKnownFileType = sourcecode.c.objc; path = AppDelegate.m; sourceTree = "<group>"; };
		6718D4971E3FC15C00E37C0A /* ViewController.h */ = {isa = PBXFileReference; lastKnownFileType = sourcecode.c.h; path = ViewController.h; sourceTree = "<group>"; };
		6718D4981E3FC15C00E37C0A /* ViewController.m */ = {isa = PBXFileReference; lastKnownFileType = sourcecode.c.objc; path = ViewController.m; sourceTree = "<group>"; };
		6718D49B1E3FC15C00E37C0A /* Base */ = {isa = PBXFileReference; lastKnownFileType = file.storyboard; name = Base; path = Base.lproj/Main.storyboard; sourceTree = "<group>"; };
		6718D49D1E3FC15C00E37C0A /* Assets.xcassets */ = {isa = PBXFileReference; lastKnownFileType = folder.assetcatalog; path = Assets.xcassets; sourceTree = "<group>"; };
		6718D4A01E3FC15C00E37C0A /* Base */ = {isa = PBXFileReference; lastKnownFileType = file.storyboard; name = Base; path = Base.lproj/LaunchScreen.storyboard; sourceTree = "<group>"; };
		6718D4A21E3FC15C00E37C0A /* Info.plist */ = {isa = PBXFileReference; lastKnownFileType = text.plist.xml; path = Info.plist; sourceTree = "<group>"; };
/* End PBXFileReference section */

/* Begin PBXFrameworksBuildPhase section */
		6718D48B1E3FC15C00E37C0A /* Frameworks */ = {
			isa = PBXFrameworksBuildPhase;
			buildActionMask = 2147483647;
			files = (
			);
			runOnlyForDeploymentPostprocessing = 0;
		};
/* End PBXFrameworksBuildPhase section */

/* Begin PBXGroup section */
		6718D4851E3FC15C00E37C0A = {
			isa = PBXGroup;
			children = (
				6718D4901E3FC15C00E37C0A /* GithubRepos */,
				6718D48F1E3FC15C00E37C0A /* Products */,
			);
			sourceTree = "<group>";
		};
		6718D48F1E3FC15C00E37C0A /* Products */ = {
			isa = PBXGroup;
			children = (
				6718D48E1E3FC15C00E37C0A /* GithubRepos.app */,
			);
			name = Products;
			sourceTree = "<group>";
		};
		6718D4901E3FC15C00E37C0A /* GithubRepos */ = {
			isa = PBXGroup;
			children = (
				6718D4941E3FC15C00E37C0A /* AppDelegate.h */,
				6718D4951E3FC15C00E37C0A /* AppDelegate.m */,
				6718D4971E3FC15C00E37C0A /* ViewController.h */,
				6718D4981E3FC15C00E37C0A /* ViewController.m */,
				6718D49A1E3FC15C00E37C0A /* Main.storyboard */,
				6718D49D1E3FC15C00E37C0A /* Assets.xcassets */,
				6718D49F1E3FC15C00E37C0A /* LaunchScreen.storyboard */,
				6718D4A21E3FC15C00E37C0A /* Info.plist */,
				6718D4911E3FC15C00E37C0A /* Supporting Files */,
			);
			path = GithubRepos;
			sourceTree = "<group>";
		};
		6718D4911E3FC15C00E37C0A /* Supporting Files */ = {
			isa = PBXGroup;
			children = (
				6718D4921E3FC15C00E37C0A /* main.m */,
			);
			name = "Supporting Files";
			sourceTree = "<group>";
		};
/* End PBXGroup section */

/* Begin PBXNativeTarget section */
		6718D48D1E3FC15C00E37C0A /* GithubRepos */ = {
			isa = PBXNativeTarget;
			buildConfigurationList = 6718D4A51E3FC15C00E37C0A /* Build configuration list for PBXNativeTarget "GithubRepos" */;
			buildPhases = (
				6718D48A1E3FC15C00E37C0A /* Sources */,
				6718D48B1E3FC15C00E37C0A /* Frameworks */,
				6718D48C1E3FC15C00E37C0A /* Resources */,
			);
			buildRules = (
			);
			dependencies = (
			);
			name = GithubRepos;
			productName = GithubRepos;
			productReference = 6718D48E1E3FC15C00E37C0A /* GithubRepos.app */;
			productType = "com.apple.product-type.application";
		};
/* End PBXNativeTarget section */

/* Begin PBXProject section */
		6718D4861E3FC15C00E37C0A /* Project object */ = {
			isa = PBXProject;
			attributes = {
				LastUpgradeCheck = 0820;
				ORGANIZATIONNAME = "Angie Linton";
				TargetAttributes = {
					6718D48D1E3FC15C00E37C0A = {
						CreatedOnToolsVersion = 8.2.1;
						DevelopmentTeam = 36E8Z2MK88;
						ProvisioningStyle = Automatic;
					};
				};
			};
			buildConfigurationList = 6718D4891E3FC15C00E37C0A /* Build configuration list for PBXProject "GithubRepos" */;
			compatibilityVersion = "Xcode 3.2";
			developmentRegion = English;
			hasScannedForEncodings = 0;
			knownRegions = (
				en,
				Base,
			);
			mainGroup = 6718D4851E3FC15C00E37C0A;
			productRefGroup = 6718D48F1E3FC15C00E37C0A /* Products */;
			projectDirPath = "";
			projectRoot = "";
			targets = (
				6718D48D1E3FC15C00E37C0A /* GithubRepos */,
			);
		};
/* End PBXProject section */

/* Begin PBXResourcesBuildPhase section */
		6718D48C1E3FC15C00E37C0A /* Resources */ = {
			isa = PBXResourcesBuildPhase;
			buildActionMask = 2147483647;
			files = (
				6718D4A11E3FC15C00E37C0A /* LaunchScreen.storyboard in Resources */,
				6718D49E1E3FC15C00E37C0A /* Assets.xcassets in Resources */,
				6718D49C1E3FC15C00E37C0A /* Main.storyboard in Resources */,
			);
			runOnlyForDeploymentPostprocessing = 0;
		};
/* End PBXResourcesBuildPhase section */

/* Begin PBXSourcesBuildPhase section */
		6718D48A1E3FC15C00E37C0A /* Sources */ = {
			isa = PBXSourcesBuildPhase;
			buildActionMask = 2147483647;
			files = (
				6718D4991E3FC15C00E37C0A /* ViewController.m in Sources */,
				6718D4961E3FC15C00E37C0A /* AppDelegate.m in Sources */,
				6718D4931E3FC15C00E37C0A /* main.m in Sources */,
			);
			runOnlyForDeploymentPostprocessing = 0;
		};
/* End PBXSourcesBuildPhase section */

/* Begin PBXVariantGroup section */
		6718D49A1E3FC15C00E37C0A /* Main.storyboard */ = {
			isa = PBXVariantGroup;
			children = (
				6718D49B1E3FC15C00E37C0A /* Base */,
			);
			name = Main.storyboard;
			sourceTree = "<group>";
		};
		6718D49F1E3FC15C00E37C0A /* LaunchScreen.storyboard */ = {
			isa = PBXVariantGroup;
			children = (
				6718D4A01E3FC15C00E37C0A /* Base */,
			);
			name = LaunchScreen.storyboard;
			sourceTree = "<group>";
		};
/* End PBXVariantGroup section */

/* Begin XCBuildConfiguration section */
		6718D4A31E3FC15C00E37C0A /* Debug */ = {
			isa = XCBuildConfiguration;
			buildSettings = {
				ALWAYS_SEARCH_USER_PATHS = NO;
				CLANG_ANALYZER_NONNULL = YES;
				CLANG_CXX_LANGUAGE_STANDARD = "gnu++0x";
				CLANG_CXX_LIBRARY = "libc++";
				CLANG_ENABLE_MODULES = YES;
				CLANG_ENABLE_OBJC_ARC = YES;
				CLANG_WARN_BOOL_CONVERSION = YES;
				CLANG_WARN_CONSTANT_CONVERSION = YES;
				CLANG_WARN_DIRECT_OBJC_ISA_USAGE = YES_ERROR;
				CLANG_WARN_DOCUMENTATION_COMMENTS = YES;
				CLANG_WARN_EMPTY_BODY = YES;
				CLANG_WARN_ENUM_CONVERSION = YES;
				CLANG_WARN_INFINITE_RECURSION = YES;
				CLANG_WARN_INT_CONVERSION = YES;
				CLANG_WARN_OBJC_ROOT_CLASS = YES_ERROR;
				CLANG_WARN_SUSPICIOUS_MOVE = YES;
				CLANG_WARN_UNREACHABLE_CODE = YES;
				CLANG_WARN__DUPLICATE_METHOD_MATCH = YES;
				"CODE_SIGN_IDENTITY[sdk=iphoneos*]" = "iPhone Developer";
				COPY_PHASE_STRIP = NO;
				DEBUG_INFORMATION_FORMAT = dwarf;
				ENABLE_STRICT_OBJC_MSGSEND = YES;
				ENABLE_TESTABILITY = YES;
				GCC_C_LANGUAGE_STANDARD = gnu99;
				GCC_DYNAMIC_NO_PIC = NO;
				GCC_NO_COMMON_BLOCKS = YES;
				GCC_OPTIMIZATION_LEVEL = 0;
				GCC_PREPROCESSOR_DEFINITIONS = (
					"DEBUG=1",
					"$(inherited)",
				);
				GCC_WARN_64_TO_32_BIT_CONVERSION = YES;
				GCC_WARN_ABOUT_RETURN_TYPE = YES_ERROR;
				GCC_WARN_UNDECLARED_SELECTOR = YES;
				GCC_WARN_UNINITIALIZED_AUTOS = YES_AGGRESSIVE;
				GCC_WARN_UNUSED_FUNCTION = YES;
				GCC_WARN_UNUSED_VARIABLE = YES;
				IPHONEOS_DEPLOYMENT_TARGET = 10.2;
				MTL_ENABLE_DEBUG_INFO = YES;
				ONLY_ACTIVE_ARCH = YES;
				SDKROOT = iphoneos;
			};
			name = Debug;
		};
		6718D4A41E3FC15C00E37C0A /* Release */ = {
			isa = XCBuildConfiguration;
			buildSettings = {
				ALWAYS_SEARCH_USER_PATHS = NO;
				CLANG_ANALYZER_NONNULL = YES;
				CLANG_CXX_LANGUAGE_STANDARD = "gnu++0x";
				CLANG_CXX_LIBRARY = "libc++";
				CLANG_ENABLE_MODULES = YES;
				CLANG_ENABLE_OBJC_ARC = YES;
				CLANG_WARN_BOOL_CONVERSION = YES;
				CLANG_WARN_CONSTANT_CONVERSION = YES;
				CLANG_WARN_DIRECT_OBJC_ISA_USAGE = YES_ERROR;
				CLANG_WARN_DOCUMENTATION_COMMENTS = YES;
				CLANG_WARN_EMPTY_BODY = YES;
				CLANG_WARN_ENUM_CONVERSION = YES;
				CLANG_WARN_INFINITE_RECURSION = YES;
				CLANG_WARN_INT_CONVERSION = YES;
				CLANG_WARN_OBJC_ROOT_CLASS = YES_ERROR;
				CLANG_WARN_SUSPICIOUS_MOVE = YES;
				CLANG_WARN_UNREACHABLE_CODE = YES;
				CLANG_WARN__DUPLICATE_METHOD_MATCH = YES;
				"CODE_SIGN_IDENTITY[sdk=iphoneos*]" = "iPhone Developer";
				COPY_PHASE_STRIP = NO;
				DEBUG_INFORMATION_FORMAT = "dwarf-with-dsym";
				ENABLE_NS_ASSERTIONS = NO;
				ENABLE_STRICT_OBJC_MSGSEND = YES;
				GCC_C_LANGUAGE_STANDARD = gnu99;
				GCC_NO_COMMON_BLOCKS = YES;
				GCC_WARN_64_TO_32_BIT_CONVERSION = YES;
				GCC_WARN_ABOUT_RETURN_TYPE = YES_ERROR;
				GCC_WARN_UNDECLARED_SELECTOR = YES;
				GCC_WARN_UNINITIALIZED_AUTOS = YES_AGGRESSIVE;
				GCC_WARN_UNUSED_FUNCTION = YES;
				GCC_WARN_UNUSED_VARIABLE = YES;
				IPHONEOS_DEPLOYMENT_TARGET = 10.2;
				MTL_ENABLE_DEBUG_INFO = NO;
				SDKROOT = iphoneos;
				VALIDATE_PRODUCT = YES;
			};
			name = Release;
		};
		6718D4A61E3FC15C00E37C0A /* Debug */ = {
			isa = XCBuildConfiguration;
			buildSettings = {
				ASSETCATALOG_COMPILER_APPICON_NAME = AppIcon;
				DEVELOPMENT_TEAM = 36E8Z2MK88;
				INFOPLIST_FILE = GithubRepos/Info.plist;
				LD_RUNPATH_SEARCH_PATHS = "$(inherited) @executable_path/Frameworks";
				PRODUCT_BUNDLE_IDENTIFIER = com.example.alinton.GithubRepos;
				PRODUCT_NAME = "$(TARGET_NAME)";
			};
			name = Debug;
		};
		6718D4A71E3FC15C00E37C0A /* Release */ = {
			isa = XCBuildConfiguration;
			buildSettings = {
				ASSETCATALOG_COMPILER_APPICON_NAME = AppIcon;
				DEVELOPMENT_TEAM = 36E8Z2MK88;
				INFOPLIST_FILE = GithubRepos/Info.plist;
				LD_RUNPATH_SEARCH_PATHS = "$(inherited) @executable_path/Frameworks";
				PRODUCT_BUNDLE_IDENTIFIER = com.example.alinton.GithubRepos;
				PRODUCT_NAME = "$(TARGET_NAME)";
			};
			name = Release;
		};
/* End XCBuildConfiguration section */

/* Begin XCConfigurationList section */
		6718D4891E3FC15C00E37C0A /* Build configuration list for PBXProject "GithubRepos" */ = {
			isa = XCConfigurationList;
			buildConfigurations = (
				6718D4A31E3FC15C00E37C0A /* Debug */,
				6718D4A41E3FC15C00E37C0A /* Release */,
			);
			defaultConfigurationIsVisible = 0;
			defaultConfigurationName = Release;
		};
		6718D4A51E3FC15C00E37C0A /* Build configuration list for PBXNativeTarget "GithubRepos" */ = {
			isa = XCConfigurationList;
			buildConfigurations = (
				6718D4A61E3FC15C00E37C0A /* Debug */,
				6718D4A71E3FC15C00E37C0A /* Release */,
			);
			defaultConfigurationIsVisible = 0;
		};
/* End XCConfigurationList section */
	};
	rootObject = 6718D4861E3FC15C00E37C0A /* Project object */;
}
